
Microsoft Visual Studio Solution File, Format Version 12.00
# Visual Studio Version 16
VisualStudioVersion = 16.0.32002.261
MinimumVisualStudioVersion = 10.0.40219.1
Project("{E24C65DC-7377-472B-9ABA-BC803B73C61A}") = "Baglar", ".", "{787C5702-21AF-4AD6-9E0C-8862AD5BB9C3}"
	ProjectSection(WebsiteProperties) = preProject
		TargetFrameworkMoniker = ".NETFramework,Version%3Dv4.6"
		Debug.AspNetCompiler.VirtualPath = "/Gardens"
		Debug.AspNetCompiler.PhysicalPath = "..\Gardens\"
		Debug.AspNetCompiler.TargetPath = "..\Gardens\"
		Debug.AspNetCompiler.Updateable = "true"
		Debug.AspNetCompiler.ForceOverwrite = "true"
		Debug.AspNetCompiler.FixedNames = "false"
		Debug.AspNetCompiler.Debug = "True"
		Release.AspNetCompiler.VirtualPath = "/Gardens"
		Release.AspNetCompiler.PhysicalPath = "..\Gardens\"
		Release.AspNetCompiler.TargetPath = "..\Gardens\"
		Release.AspNetCompiler.Updateable = "true"
		Release.AspNetCompiler.ForceOverwrite = "true"
		Release.AspNetCompiler.FixedNames = "false"
		Release.AspNetCompiler.Debug = "False"
		VWDPort = "58843"
		SlnRelativePath = "..\Baglar\"
	EndProjectSection
EndProject
Global
	GlobalSection(SolutionConfigurationPlatforms) = preSolution
		Debug|Any CPU = Debug|Any CPU
	EndGlobalSection
	GlobalSection(ProjectConfigurationPlatforms) = postSolution
		{787C5702-21AF-4AD6-9E0C-8862AD5BB9C3}.Debug|Any CPU.ActiveCfg = Debug|Any CPU
		{787C5702-21AF-4AD6-9E0C-8862AD5BB9C3}.Debug|Any CPU.Build.0 = Debug|Any CPU
	EndGlobalSection
	GlobalSection(SolutionProperties) = preSolution
		HideSolutionNode = FALSE
	EndGlobalSection
	GlobalSection(ExtensibilityGlobals) = postSolution
		SolutionGuid = {2B45883A-17C9-4A05-9751-7D711B9856FE}
	EndGlobalSection
EndGlobal
